// !$*UTF8*$!
{
	archiveVersion = 1;
	classes = {
	};
	objectVersion = 56;
	objects = {

/* Begin PBXBuildFile section */
		F20FCFA229513C6900C51517 /* UberAppApp.swift in Sources */ = {isa = PBXBuildFile; fileRef = F20FCFA129513C6900C51517 /* UberAppApp.swift */; };
		F20FCFA629513C6A00C51517 /* Assets.xcassets in Resources */ = {isa = PBXBuildFile; fileRef = F20FCFA529513C6A00C51517 /* Assets.xcassets */; };
		F20FCFA929513C6A00C51517 /* Preview Assets.xcassets in Resources */ = {isa = PBXBuildFile; fileRef = F20FCFA829513C6A00C51517 /* Preview Assets.xcassets */; };
		F20FCFB729513CB500C51517 /* HomeView.swift in Sources */ = {isa = PBXBuildFile; fileRef = F20FCFB629513CB500C51517 /* HomeView.swift */; };
		F20FCFB929513D3900C51517 /* UberMapViewRepresentable.swift in Sources */ = {isa = PBXBuildFile; fileRef = F20FCFB829513D3900C51517 /* UberMapViewRepresentable.swift */; };
		F20FCFBB29513E9C00C51517 /* LocationManager.swift in Sources */ = {isa = PBXBuildFile; fileRef = F20FCFBA29513E9C00C51517 /* LocationManager.swift */; };
		F20FCFC12951433700C51517 /* LocationSearchActivationView.swift in Sources */ = {isa = PBXBuildFile; fileRef = F20FCFC02951433700C51517 /* LocationSearchActivationView.swift */; };
		F20FCFC32951443700C51517 /* MapViewActionButton.swift in Sources */ = {isa = PBXBuildFile; fileRef = F20FCFC22951443700C51517 /* MapViewActionButton.swift */; };
		F20FCFC5295144F700C51517 /* LocationSearchView.swift in Sources */ = {isa = PBXBuildFile; fileRef = F20FCFC4295144F700C51517 /* LocationSearchView.swift */; };
		F20FCFC72951469300C51517 /* LocationSearchResultsCell.swift in Sources */ = {isa = PBXBuildFile; fileRef = F20FCFC62951469300C51517 /* LocationSearchResultsCell.swift */; };
		F20FCFC929520C1400C51517 /* LocationSearchViewModel.swift in Sources */ = {isa = PBXBuildFile; fileRef = F20FCFC829520C1400C51517 /* LocationSearchViewModel.swift */; };
		F20FCFCB2953498800C51517 /* MapViewState.swift in Sources */ = {isa = PBXBuildFile; fileRef = F20FCFCA2953498800C51517 /* MapViewState.swift */; };
		F24F68A62953C80A0070746D /* RideRequestView.swift in Sources */ = {isa = PBXBuildFile; fileRef = F24F68A52953C80A0070746D /* RideRequestView.swift */; };
		F24F68AA2953D7B50070746D /* RideType.swift in Sources */ = {isa = PBXBuildFile; fileRef = F24F68A92953D7B50070746D /* RideType.swift */; };
		F2C044F8295CE56900F85566 /* Double.swift in Sources */ = {isa = PBXBuildFile; fileRef = F2C044F7295CE56900F85566 /* Double.swift */; };
		F2C044FA295CE84900F85566 /* UberLocation.swift in Sources */ = {isa = PBXBuildFile; fileRef = F2C044F9295CE84900F85566 /* UberLocation.swift */; };
		F2C044FC295CEFD000F85566 /* Color.swift in Sources */ = {isa = PBXBuildFile; fileRef = F2C044FB295CEFD000F85566 /* Color.swift */; };
/* End PBXBuildFile section */

/* Begin PBXFileReference section */
		F20FCF9E29513C6900C51517 /* UberApp.app */ = {isa = PBXFileReference; explicitFileType = wrapper.application; includeInIndex = 0; path = UberApp.app; sourceTree = BUILT_PRODUCTS_DIR; };
		F20FCFA129513C6900C51517 /* UberAppApp.swift */ = {isa = PBXFileReference; lastKnownFileType = sourcecode.swift; path = UberAppApp.swift; sourceTree = "<group>"; };
		F20FCFA529513C6A00C51517 /* Assets.xcassets */ = {isa = PBXFileReference; lastKnownFileType = folder.assetcatalog; path = Assets.xcassets; sourceTree = "<group>"; };
		F20FCFA829513C6A00C51517 /* Preview Assets.xcassets */ = {isa = PBXFileReference; lastKnownFileType = folder.assetcatalog; path = "Preview Assets.xcassets"; sourceTree = "<group>"; };
		F20FCFB629513CB500C51517 /* HomeView.swift */ = {isa = PBXFileReference; lastKnownFileType = sourcecode.swift; path = HomeView.swift; sourceTree = "<group>"; };
		F20FCFB829513D3900C51517 /* UberMapViewRepresentable.swift */ = {isa = PBXFileReference; lastKnownFileType = sourcecode.swift; path = UberMapViewRepresentable.swift; sourceTree = "<group>"; };
		F20FCFBA29513E9C00C51517 /* LocationManager.swift */ = {isa = PBXFileReference; lastKnownFileType = sourcecode.swift; path = LocationManager.swift; sourceTree = "<group>"; };
		F20FCFC02951433700C51517 /* LocationSearchActivationView.swift */ = {isa = PBXFileReference; lastKnownFileType = sourcecode.swift; path = LocationSearchActivationView.swift; sourceTree = "<group>"; };
		F20FCFC22951443700C51517 /* MapViewActionButton.swift */ = {isa = PBXFileReference; lastKnownFileType = sourcecode.swift; path = MapViewActionButton.swift; sourceTree = "<group>"; };
		F20FCFC4295144F700C51517 /* LocationSearchView.swift */ = {isa = PBXFileReference; lastKnownFileType = sourcecode.swift; path = LocationSearchView.swift; sourceTree = "<group>"; };
		F20FCFC62951469300C51517 /* LocationSearchResultsCell.swift */ = {isa = PBXFileReference; lastKnownFileType = sourcecode.swift; path = LocationSearchResultsCell.swift; sourceTree = "<group>"; };
		F20FCFC829520C1400C51517 /* LocationSearchViewModel.swift */ = {isa = PBXFileReference; lastKnownFileType = sourcecode.swift; path = LocationSearchViewModel.swift; sourceTree = "<group>"; };
		F20FCFCA2953498800C51517 /* MapViewState.swift */ = {isa = PBXFileReference; lastKnownFileType = sourcecode.swift; path = MapViewState.swift; sourceTree = "<group>"; };
		F24F68A52953C80A0070746D /* RideRequestView.swift */ = {isa = PBXFileReference; lastKnownFileType = sourcecode.swift; path = RideRequestView.swift; sourceTree = "<group>"; };
		F24F68A92953D7B50070746D /* RideType.swift */ = {isa = PBXFileReference; lastKnownFileType = sourcecode.swift; path = RideType.swift; sourceTree = "<group>"; };
		F2C044F7295CE56900F85566 /* Double.swift */ = {isa = PBXFileReference; lastKnownFileType = sourcecode.swift; path = Double.swift; sourceTree = "<group>"; };
		F2C044F9295CE84900F85566 /* UberLocation.swift */ = {isa = PBXFileReference; lastKnownFileType = sourcecode.swift; path = UberLocation.swift; sourceTree = "<group>"; };
		F2C044FB295CEFD000F85566 /* Color.swift */ = {isa = PBXFileReference; lastKnownFileType = sourcecode.swift; path = Color.swift; sourceTree = "<group>"; };
/* End PBXFileReference section */

/* Begin PBXFrameworksBuildPhase section */
		F20FCF9B29513C6900C51517 /* Frameworks */ = {
			isa = PBXFrameworksBuildPhase;
			buildActionMask = 2147483647;
			files = (
			);
			runOnlyForDeploymentPostprocessing = 0;
		};
/* End PBXFrameworksBuildPhase section */

/* Begin PBXGroup section */
		F20FCF9529513C6900C51517 = {
			isa = PBXGroup;
			children = (
				F20FCFA029513C6900C51517 /* UberApp */,
				F20FCF9F29513C6900C51517 /* Products */,
			);
			sourceTree = "<group>";
		};
		F20FCF9F29513C6900C51517 /* Products */ = {
			isa = PBXGroup;
			children = (
				F20FCF9E29513C6900C51517 /* UberApp.app */,
			);
			name = Products;
			sourceTree = "<group>";
		};
		F20FCFA029513C6900C51517 /* UberApp */ = {
			isa = PBXGroup;
			children = (
				F20FCFB329513C7F00C51517 /* App */,
				F20FCFB229513C7E00C51517 /* Core */,
				F20FCFB129513C7D00C51517 /* Extensions */,
				F20FCFB029513C7D00C51517 /* Managers */,
				F20FCFAF29513C7A00C51517 /* Models */,
				F20FCFA529513C6A00C51517 /* Assets.xcassets */,
				F20FCFA729513C6A00C51517 /* Preview Content */,
			);
			path = UberApp;
			sourceTree = "<group>";
		};
		F20FCFA729513C6A00C51517 /* Preview Content */ = {
			isa = PBXGroup;
			children = (
				F20FCFA829513C6A00C51517 /* Preview Assets.xcassets */,
			);
			path = "Preview Content";
			sourceTree = "<group>";
		};
		F20FCFAF29513C7A00C51517 /* Models */ = {
			isa = PBXGroup;
			children = (
				F20FCFCA2953498800C51517 /* MapViewState.swift */,
				F24F68A92953D7B50070746D /* RideType.swift */,
				F2C044F9295CE84900F85566 /* UberLocation.swift */,
			);
			path = Models;
			sourceTree = "<group>";
		};
		F20FCFB029513C7D00C51517 /* Managers */ = {
			isa = PBXGroup;
			children = (
				F20FCFBA29513E9C00C51517 /* LocationManager.swift */,
			);
			path = Managers;
			sourceTree = "<group>";
		};
		F20FCFB129513C7D00C51517 /* Extensions */ = {
			isa = PBXGroup;
			children = (
				F2C044F7295CE56900F85566 /* Double.swift */,
				F2C044FB295CEFD000F85566 /* Color.swift */,
			);
			path = Extensions;
			sourceTree = "<group>";
		};
		F20FCFB229513C7E00C51517 /* Core */ = {
			isa = PBXGroup;
			children = (
				F24F68A42953C7FE0070746D /* Trips */,
				F20FCFBD2951431800C51517 /* LocationSearch */,
				F20FCFBC2951430C00C51517 /* Home */,
			);
			path = Core;
			sourceTree = "<group>";
		};
		F20FCFB329513C7F00C51517 /* App */ = {
			isa = PBXGroup;
			children = (
				F20FCFA129513C6900C51517 /* UberAppApp.swift */,
			);
			path = App;
			sourceTree = "<group>";
		};
		F20FCFB429513CA000C51517 /* Views */ = {
			isa = PBXGroup;
			children = (
				F20FCFB629513CB500C51517 /* HomeView.swift */,
				F20FCFB829513D3900C51517 /* UberMapViewRepresentable.swift */,
				F20FCFC22951443700C51517 /* MapViewActionButton.swift */,
			);
			path = Views;
			sourceTree = "<group>";
		};
		F20FCFB529513CA100C51517 /* ViewModel */ = {
			isa = PBXGroup;
			children = (
			);
			path = ViewModel;
			sourceTree = "<group>";
		};
		F20FCFBC2951430C00C51517 /* Home */ = {
			isa = PBXGroup;
			children = (
				F20FCFB529513CA100C51517 /* ViewModel */,
				F20FCFB429513CA000C51517 /* Views */,
			);
			path = Home;
			sourceTree = "<group>";
		};
		F20FCFBD2951431800C51517 /* LocationSearch */ = {
			isa = PBXGroup;
			children = (
				F20FCFBE2951432300C51517 /* ViewModel */,
				F20FCFBF2951432800C51517 /* Views */,
			);
			path = LocationSearch;
			sourceTree = "<group>";
		};
		F20FCFBE2951432300C51517 /* ViewModel */ = {
			isa = PBXGroup;
			children = (
				F20FCFC829520C1400C51517 /* LocationSearchViewModel.swift */,
			);
			path = ViewModel;
			sourceTree = "<group>";
		};
		F20FCFBF2951432800C51517 /* Views */ = {
			isa = PBXGroup;
			children = (
				F20FCFC02951433700C51517 /* LocationSearchActivationView.swift */,
				F20FCFC4295144F700C51517 /* LocationSearchView.swift */,
				F20FCFC62951469300C51517 /* LocationSearchResultsCell.swift */,
			);
			path = Views;
			sourceTree = "<group>";
		};
		F24F68A42953C7FE0070746D /* Trips */ = {
			isa = PBXGroup;
			children = (
				F24F68A82953CDE00070746D /* ViewModel */,
				F24F68A72953CDDB0070746D /* Views */,
			);
			path = Trips;
			sourceTree = "<group>";
		};
		F24F68A72953CDDB0070746D /* Views */ = {
			isa = PBXGroup;
			children = (
				F24F68A52953C80A0070746D /* RideRequestView.swift */,
			);
			path = Views;
			sourceTree = "<group>";
		};
		F24F68A82953CDE00070746D /* ViewModel */ = {
			isa = PBXGroup;
			children = (
			);
			path = ViewModel;
			sourceTree = "<group>";
		};
/* End PBXGroup section */

/* Begin PBXNativeTarget section */
		F20FCF9D29513C6900C51517 /* UberApp */ = {
			isa = PBXNativeTarget;
			buildConfigurationList = F20FCFAC29513C6A00C51517 /* Build configuration list for PBXNativeTarget "UberApp" */;
			buildPhases = (
				F20FCF9A29513C6900C51517 /* Sources */,
				F20FCF9B29513C6900C51517 /* Frameworks */,
				F20FCF9C29513C6900C51517 /* Resources */,
			);
			buildRules = (
			);
			dependencies = (
			);
			name = UberApp;
			productName = UberApp;
			productReference = F20FCF9E29513C6900C51517 /* UberApp.app */;
			productType = "com.apple.product-type.application";
		};
/* End PBXNativeTarget section */

/* Begin PBXProject section */
		F20FCF9629513C6900C51517 /* Project object */ = {
			isa = PBXProject;
			attributes = {
				BuildIndependentTargetsInParallel = 1;
				LastSwiftUpdateCheck = 1400;
				LastUpgradeCheck = 1400;
				TargetAttributes = {
					F20FCF9D29513C6900C51517 = {
						CreatedOnToolsVersion = 14.0;
					};
				};
			};
			buildConfigurationList = F20FCF9929513C6900C51517 /* Build configuration list for PBXProject "UberApp" */;
			compatibilityVersion = "Xcode 14.0";
			developmentRegion = en;
			hasScannedForEncodings = 0;
			knownRegions = (
				en,
				Base,
			);
			mainGroup = F20FCF9529513C6900C51517;
			productRefGroup = F20FCF9F29513C6900C51517 /* Products */;
			projectDirPath = "";
			projectRoot = "";
			targets = (
				F20FCF9D29513C6900C51517 /* UberApp */,
			);
		};
/* End PBXProject section */

/* Begin PBXResourcesBuildPhase section */
		F20FCF9C29513C6900C51517 /* Resources */ = {
			isa = PBXResourcesBuildPhase;
			buildActionMask = 2147483647;
			files = (
				F20FCFA929513C6A00C51517 /* Preview Assets.xcassets in Resources */,
				F20FCFA629513C6A00C51517 /* Assets.xcassets in Resources */,
			);
			runOnlyForDeploymentPostprocessing = 0;
		};
/* End PBXResourcesBuildPhase section */

/* Begin PBXSourcesBuildPhase section */
		F20FCF9A29513C6900C51517 /* Sources */ = {
			isa = PBXSourcesBuildPhase;
			buildActionMask = 2147483647;
			files = (
				F20FCFC929520C1400C51517 /* LocationSearchViewModel.swift in Sources */,
				F20FCFC5295144F700C51517 /* LocationSearchView.swift in Sources */,
				F20FCFBB29513E9C00C51517 /* LocationManager.swift in Sources */,
				F24F68A62953C80A0070746D /* RideRequestView.swift in Sources */,
				F2C044F8295CE56900F85566 /* Double.swift in Sources */,
				F20FCFCB2953498800C51517 /* MapViewState.swift in Sources */,
				F20FCFC32951443700C51517 /* MapViewActionButton.swift in Sources */,
				F20FCFC72951469300C51517 /* LocationSearchResultsCell.swift in Sources */,
				F2C044FC295CEFD000F85566 /* Color.swift in Sources */,
				F20FCFA229513C6900C51517 /* UberAppApp.swift in Sources */,
				F20FCFB929513D3900C51517 /* UberMapViewRepresentable.swift in Sources */,
				F2C044FA295CE84900F85566 /* UberLocation.swift in Sources */,
				F20FCFB729513CB500C51517 /* HomeView.swift in Sources */,
				F20FCFC12951433700C51517 /* LocationSearchActivationView.swift in Sources */,
				F24F68AA2953D7B50070746D /* RideType.swift in Sources */,
			);
			runOnlyForDeploymentPostprocessing = 0;
		};
/* End PBXSourcesBuildPhase section */

/* Begin XCBuildConfiguration section */
		F20FCFAA29513C6A00C51517 /* Debug */ = {
			isa = XCBuildConfiguration;
			buildSettings = {
				ALWAYS_SEARCH_USER_PATHS = NO;
				CLANG_ANALYZER_NONNULL = YES;
				CLANG_ANALYZER_NUMBER_OBJECT_CONVERSION = YES_AGGRESSIVE;
				CLANG_CXX_LANGUAGE_STANDARD = "gnu++20";
				CLANG_ENABLE_MODULES = YES;
				CLANG_ENABLE_OBJC_ARC = YES;
				CLANG_ENABLE_OBJC_WEAK = YES;
				CLANG_WARN_BLOCK_CAPTURE_AUTORELEASING = YES;
				CLANG_WARN_BOOL_CONVERSION = YES;
				CLANG_WARN_COMMA = YES;
				CLANG_WARN_CONSTANT_CONVERSION = YES;
				CLANG_WARN_DEPRECATED_OBJC_IMPLEMENTATIONS = YES;
				CLANG_WARN_DIRECT_OBJC_ISA_USAGE = YES_ERROR;
				CLANG_WARN_DOCUMENTATION_COMMENTS = YES;
				CLANG_WARN_EMPTY_BODY = YES;
				CLANG_WARN_ENUM_CONVERSION = YES;
				CLANG_WARN_INFINITE_RECURSION = YES;
				CLANG_WARN_INT_CONVERSION = YES;
				CLANG_WARN_NON_LITERAL_NULL_CONVERSION = YES;
				CLANG_WARN_OBJC_IMPLICIT_RETAIN_SELF = YES;
				CLANG_WARN_OBJC_LITERAL_CONVERSION = YES;
				CLANG_WARN_OBJC_ROOT_CLASS = YES_ERROR;
				CLANG_WARN_QUOTED_INCLUDE_IN_FRAMEWORK_HEADER = YES;
				CLANG_WARN_RANGE_LOOP_ANALYSIS = YES;
				CLANG_WARN_STRICT_PROTOTYPES = YES;
				CLANG_WARN_SUSPICIOUS_MOVE = YES;
				CLANG_WARN_UNGUARDED_AVAILABILITY = YES_AGGRESSIVE;
				CLANG_WARN_UNREACHABLE_CODE = YES;
				CLANG_WARN__DUPLICATE_METHOD_MATCH = YES;
				COPY_PHASE_STRIP = NO;
				DEBUG_INFORMATION_FORMAT = dwarf;
				ENABLE_STRICT_OBJC_MSGSEND = YES;
				ENABLE_TESTABILITY = YES;
				GCC_C_LANGUAGE_STANDARD = gnu11;
				GCC_DYNAMIC_NO_PIC = NO;
				GCC_NO_COMMON_BLOCKS = YES;
				GCC_OPTIMIZATION_LEVEL = 0;
				GCC_PREPROCESSOR_DEFINITIONS = (
					"DEBUG=1",
					"$(inherited)",
				);
				GCC_WARN_64_TO_32_BIT_CONVERSION = YES;
				GCC_WARN_ABOUT_RETURN_TYPE = YES_ERROR;
				GCC_WARN_UNDECLARED_SELECTOR = YES;
				GCC_WARN_UNINITIALIZED_AUTOS = YES_AGGRESSIVE;
				GCC_WARN_UNUSED_FUNCTION = YES;
				GCC_WARN_UNUSED_VARIABLE = YES;
				IPHONEOS_DEPLOYMENT_TARGET = 16.0;
				MTL_ENABLE_DEBUG_INFO = INCLUDE_SOURCE;
				MTL_FAST_MATH = YES;
				ONLY_ACTIVE_ARCH = YES;
				SDKROOT = iphoneos;
				SWIFT_ACTIVE_COMPILATION_CONDITIONS = DEBUG;
				SWIFT_OPTIMIZATION_LEVEL = "-Onone";
			};
			name = Debug;
		};
		F20FCFAB29513C6A00C51517 /* Release */ = {
			isa = XCBuildConfiguration;
			buildSettings = {
				ALWAYS_SEARCH_USER_PATHS = NO;
				CLANG_ANALYZER_NONNULL = YES;
				CLANG_ANALYZER_NUMBER_OBJECT_CONVERSION = YES_AGGRESSIVE;
				CLANG_CXX_LANGUAGE_STANDARD = "gnu++20";
				CLANG_ENABLE_MODULES = YES;
				CLANG_ENABLE_OBJC_ARC = YES;
				CLANG_ENABLE_OBJC_WEAK = YES;
				CLANG_WARN_BLOCK_CAPTURE_AUTORELEASING = YES;
				CLANG_WARN_BOOL_CONVERSION = YES;
				CLANG_WARN_COMMA = YES;
				CLANG_WARN_CONSTANT_CONVERSION = YES;
				CLANG_WARN_DEPRECATED_OBJC_IMPLEMENTATIONS = YES;
				CLANG_WARN_DIRECT_OBJC_ISA_USAGE = YES_ERROR;
				CLANG_WARN_DOCUMENTATION_COMMENTS = YES;
				CLANG_WARN_EMPTY_BODY = YES;
				CLANG_WARN_ENUM_CONVERSION = YES;
				CLANG_WARN_INFINITE_RECURSION = YES;
				CLANG_WARN_INT_CONVERSION = YES;
				CLANG_WARN_NON_LITERAL_NULL_CONVERSION = YES;
				CLANG_WARN_OBJC_IMPLICIT_RETAIN_SELF = YES;
				CLANG_WARN_OBJC_LITERAL_CONVERSION = YES;
				CLANG_WARN_OBJC_ROOT_CLASS = YES_ERROR;
				CLANG_WARN_QUOTED_INCLUDE_IN_FRAMEWORK_HEADER = YES;
				CLANG_WARN_RANGE_LOOP_ANALYSIS = YES;
				CLANG_WARN_STRICT_PROTOTYPES = YES;
				CLANG_WARN_SUSPICIOUS_MOVE = YES;
				CLANG_WARN_UNGUARDED_AVAILABILITY = YES_AGGRESSIVE;
				CLANG_WARN_UNREACHABLE_CODE = YES;
				CLANG_WARN__DUPLICATE_METHOD_MATCH = YES;
				COPY_PHASE_STRIP = NO;
				DEBUG_INFORMATION_FORMAT = "dwarf-with-dsym";
				ENABLE_NS_ASSERTIONS = NO;
				ENABLE_STRICT_OBJC_MSGSEND = YES;
				GCC_C_LANGUAGE_STANDARD = gnu11;
				GCC_NO_COMMON_BLOCKS = YES;
				GCC_WARN_64_TO_32_BIT_CONVERSION = YES;
				GCC_WARN_ABOUT_RETURN_TYPE = YES_ERROR;
				GCC_WARN_UNDECLARED_SELECTOR = YES;
				GCC_WARN_UNINITIALIZED_AUTOS = YES_AGGRESSIVE;
				GCC_WARN_UNUSED_FUNCTION = YES;
				GCC_WARN_UNUSED_VARIABLE = YES;
				IPHONEOS_DEPLOYMENT_TARGET = 16.0;
				MTL_ENABLE_DEBUG_INFO = NO;
				MTL_FAST_MATH = YES;
				SDKROOT = iphoneos;
				SWIFT_COMPILATION_MODE = wholemodule;
				SWIFT_OPTIMIZATION_LEVEL = "-O";
				VALIDATE_PRODUCT = YES;
			};
			name = Release;
		};
		F20FCFAD29513C6A00C51517 /* Debug */ = {
			isa = XCBuildConfiguration;
			buildSettings = {
				ASSETCATALOG_COMPILER_APPICON_NAME = AppIcon;
				ASSETCATALOG_COMPILER_GLOBAL_ACCENT_COLOR_NAME = AccentColor;
				CODE_SIGN_STYLE = Automatic;
				CURRENT_PROJECT_VERSION = 1;
				DEVELOPMENT_ASSET_PATHS = "\"UberApp/Preview Content\"";
				DEVELOPMENT_TEAM = 7HUT629824;
				ENABLE_PREVIEWS = YES;
				GENERATE_INFOPLIST_FILE = YES;
				INFOPLIST_KEY_NSLocationWhenInUseUsageDescription = "Please allow us to access your location to find your driver";
				INFOPLIST_KEY_UIApplicationSceneManifest_Generation = YES;
				INFOPLIST_KEY_UIApplicationSupportsIndirectInputEvents = YES;
				INFOPLIST_KEY_UILaunchScreen_Generation = YES;
				INFOPLIST_KEY_UISupportedInterfaceOrientations_iPad = "UIInterfaceOrientationPortrait UIInterfaceOrientationPortraitUpsideDown UIInterfaceOrientationLandscapeLeft UIInterfaceOrientationLandscapeRight";
				INFOPLIST_KEY_UISupportedInterfaceOrientations_iPhone = "UIInterfaceOrientationPortrait UIInterfaceOrientationLandscapeLeft UIInterfaceOrientationLandscapeRight";
				LD_RUNPATH_SEARCH_PATHS = (
					"$(inherited)",
					"@executable_path/Frameworks",
				);
				MARKETING_VERSION = 1.0;
				PRODUCT_BUNDLE_IDENTIFIER = com.uberapp.UberApp;
				PRODUCT_NAME = "$(TARGET_NAME)";
				SWIFT_EMIT_LOC_STRINGS = YES;
				SWIFT_VERSION = 5.0;
				TARGETED_DEVICE_FAMILY = "1,2";
			};
			name = Debug;
		};
		F20FCFAE29513C6A00C51517 /* Release */ = {
			isa = XCBuildConfiguration;
			buildSettings = {
				ASSETCATALOG_COMPILER_APPICON_NAME = AppIcon;
				ASSETCATALOG_COMPILER_GLOBAL_ACCENT_COLOR_NAME = AccentColor;
				CODE_SIGN_STYLE = Automatic;
				CURRENT_PROJECT_VERSION = 1;
				DEVELOPMENT_ASSET_PATHS = "\"UberApp/Preview Content\"";
				DEVELOPMENT_TEAM = 7HUT629824;
				ENABLE_PREVIEWS = YES;
				GENERATE_INFOPLIST_FILE = YES;
				INFOPLIST_KEY_NSLocationWhenInUseUsageDescription = "Please allow us to access your location to find your driver";
				INFOPLIST_KEY_UIApplicationSceneManifest_Generation = YES;
				INFOPLIST_KEY_UIApplicationSupportsIndirectInputEvents = YES;
				INFOPLIST_KEY_UILaunchScreen_Generation = YES;
				INFOPLIST_KEY_UISupportedInterfaceOrientations_iPad = "UIInterfaceOrientationPortrait UIInterfaceOrientationPortraitUpsideDown UIInterfaceOrientationLandscapeLeft UIInterfaceOrientationLandscapeRight";
				INFOPLIST_KEY_UISupportedInterfaceOrientations_iPhone = "UIInterfaceOrientationPortrait UIInterfaceOrientationLandscapeLeft UIInterfaceOrientationLandscapeRight";
				LD_RUNPATH_SEARCH_PATHS = (
					"$(inherited)",
					"@executable_path/Frameworks",
				);
				MARKETING_VERSION = 1.0;
				PRODUCT_BUNDLE_IDENTIFIER = com.uberapp.UberApp;
				PRODUCT_NAME = "$(TARGET_NAME)";
				SWIFT_EMIT_LOC_STRINGS = YES;
				SWIFT_VERSION = 5.0;
				TARGETED_DEVICE_FAMILY = "1,2";
			};
			name = Release;
		};
/* End XCBuildConfiguration section */

/* Begin XCConfigurationList section */
		F20FCF9929513C6900C51517 /* Build configuration list for PBXProject "UberApp" */ = {
			isa = XCConfigurationList;
			buildConfigurations = (
				F20FCFAA29513C6A00C51517 /* Debug */,
				F20FCFAB29513C6A00C51517 /* Release */,
			);
			defaultConfigurationIsVisible = 0;
			defaultConfigurationName = Release;
		};
		F20FCFAC29513C6A00C51517 /* Build configuration list for PBXNativeTarget "UberApp" */ = {
			isa = XCConfigurationList;
			buildConfigurations = (
				F20FCFAD29513C6A00C51517 /* Debug */,
				F20FCFAE29513C6A00C51517 /* Release */,
			);
			defaultConfigurationIsVisible = 0;
			defaultConfigurationName = Release;
		};
/* End XCConfigurationList section */
	};
	rootObject = F20FCF9629513C6900C51517 /* Project object */;
}
